
Microsoft Visual Studio Solution File, Format Version 12.00
# Visual Studio Version 17
VisualStudioVersion = 17.8.34330.188
MinimumVisualStudioVersion = 10.0.40219.1
Project("{FAE04EC0-301F-11D3-BF4B-00C04F79EFBC}") = "MethodsPractice", "MethodsPractice.csproj", "{B3B92BC5-4E70-407B-ABF2-E4D0044654D8}"
EndProject
Global
	GlobalSection(SolutionConfigurationPlatforms) = preSolution
		Debug|Any CPU = Debug|Any CPU
		Release|Any CPU = Release|Any CPU
	EndGlobalSection
	GlobalSection(ProjectConfigurationPlatforms) = postSolution
		{B3B92BC5-4E70-407B-ABF2-E4D0044654D8}.Debug|Any CPU.ActiveCfg = Debug|Any CPU
		{B3B92BC5-4E70-407B-ABF2-E4D0044654D8}.Debug|Any CPU.Build.0 = Debug|Any CPU
		{B3B92BC5-4E70-407B-ABF2-E4D0044654D8}.Release|Any CPU.ActiveCfg = Release|Any CPU
		{B3B92BC5-4E70-407B-ABF2-E4D0044654D8}.Release|Any CPU.Build.0 = Release|Any CPU
	EndGlobalSection
	GlobalSection(SolutionProperties) = preSolution
		HideSolutionNode = FALSE
	EndGlobalSection
	GlobalSection(ExtensibilityGlobals) = postSolution
		SolutionGuid = {BDF1FFC9-2121-4ACC-97F5-8E46287119CE}
	EndGlobalSection
EndGlobal
